<?xml version="1.0" encoding="utf-8"?>
<Project ToolsVersion="4.0" xmlns="http://schemas.microsoft.com/developer/msbuild/2003">
  <ItemGroup>
    <ClCompile Include="base\src\ApplicationCore.cpp">
      <Filter>Source Files\base</Filter>
    </ClCompile>
    <ClCompile Include="base\src\Direct2D.cpp">
      <Filter>Source Files\base</Filter>
    </ClCompile>
    <ClCompile Include="base\src\WindowDialog.cpp">
      <Filter>Source Files\base</Filter>
    </ClCompile>
    <ClCompile Include="src\AppTemplate.cpp">
      <Filter>Source Files</Filter>
    </ClCompile>
    <ClCompile Include="src\AppTemplateDialog.cpp">
      <Filter>Source Files</Filter>
    </ClCompile>
    <ClCompile Include="base\src\Direct2DEx.cpp">
      <Filter>Source Files\base</Filter>
    </ClCompile>
  </ItemGroup>
  <ItemGroup>
    <ClInclude Include="base\include\ColorPalette.h">
      <Filter>Header Files\base</Filter>
    </ClInclude>
    <ClInclude Include="base\include\ApplicationCore.h">
      <Filter>Header Files\base</Filter>
    </ClInclude>
    <ClInclude Include="base\include\Direct2D.h">
      <Filter>Header Files\base</Filter>
    </ClInclude>
    <ClInclude Include="base\include\WindowDialog.h">
      <Filter>Header Files\base</Filter>
    </ClInclude>
    <ClInclude Include="include\framework.h">
      <Filter>Header Files</Filter>
    </ClInclude>
    <ClInclude Include="include\Resource.h">
      <Filter>Header Files</Filter>
    </ClInclude>
    <ClInclude Include="include\targetver.h">
      <Filter>Header Files</Filter>
    </ClInclude>
    <ClInclude Include="include\AppTemplateDialog.h">
      <Filter>Header Files</Filter>
    </ClInclude>
    <ClInclude Include="base\include\Direct2DEx.h">
      <Filter>Header Files\base</Filter>
    </ClInclude>
  </ItemGroup>
  <ItemGroup>
    <Image Include="AppTemplate.ico">
      <Filter>Resource Files</Filter>
    </Image>
    <Image Include="small.ico">
      <Filter>Resource Files</Filter>
    </Image>
  </ItemGroup>
  <ItemGroup>
    <Filter Include="Header Files">
      <UniqueIdentifier>{0eee459e-8856-46ba-992f-3953a8bb69ed}</UniqueIdentifier>
    </Filter>
    <Filter Include="Header Files\base">
      <UniqueIdentifier>{d8a93de5-b970-4133-ba2f-79cfb834168f}</UniqueIdentifier>
    </Filter>
    <Filter Include="Source Files">
      <UniqueIdentifier>{305d46f7-a407-48e5-9075-0a65f12516a0}</UniqueIdentifier>
    </Filter>
    <Filter Include="Source Files\base">
      <UniqueIdentifier>{c00784db-e732-4722-b85e-128800d74f3a}</UniqueIdentifier>
    </Filter>
    <Filter Include="Resource Files">
      <UniqueIdentifier>{4db63b70-6234-47d1-9ca5-b0fec824b124}</UniqueIdentifier>
    </Filter>
  </ItemGroup>
  <ItemGroup>
    <ResourceCompile Include="AppTemplate.rc">
      <Filter>Resource Files</Filter>
    </ResourceCompile>
  </ItemGroup>
</Project>